
Microsoft Visual Studio Solution File, Format Version 12.00
# Visual Studio Version 16
VisualStudioVersion = 16.0.34601.136
MinimumVisualStudioVersion = 10.0.40219.1
Project("{FAE04EC0-301F-11D3-BF4B-00C04F79EFBC}") = "List of tasks for the day", "List of tasks for the day\List of tasks for the day.csproj", "{0E3FAB02-843E-4EC5-8711-295674AD461B}"
EndProject
Global
	GlobalSection(SolutionConfigurationPlatforms) = preSolution
		Debug|Any CPU = Debug|Any CPU
		Release|Any CPU = Release|Any CPU
	EndGlobalSection
	GlobalSection(ProjectConfigurationPlatforms) = postSolution
		{0E3FAB02-843E-4EC5-8711-295674AD461B}.Debug|Any CPU.ActiveCfg = Debug|Any CPU
		{0E3FAB02-843E-4EC5-8711-295674AD461B}.Debug|Any CPU.Build.0 = Debug|Any CPU
		{0E3FAB02-843E-4EC5-8711-295674AD461B}.Release|Any CPU.ActiveCfg = Release|Any CPU
		{0E3FAB02-843E-4EC5-8711-295674AD461B}.Release|Any CPU.Build.0 = Release|Any CPU
	EndGlobalSection
	GlobalSection(SolutionProperties) = preSolution
		HideSolutionNode = FALSE
	EndGlobalSection
	GlobalSection(ExtensibilityGlobals) = postSolution
		SolutionGuid = {0956AA1C-D8A2-402D-8A1B-909A858C5573}
	EndGlobalSection
EndGlobal
